
Microsoft Visual Studio Solution File, Format Version 12.00
# Visual Studio Version 16
VisualStudioVersion = 16.0.30517.126
MinimumVisualStudioVersion = 10.0.40219.1
Project("{FAE04EC0-301F-11D3-BF4B-00C04F79EFBC}") = "dbf", "dbf\dbf.csproj", "{2506C520-30DF-4795-93FB-D4DC96E10B1A}"
EndProject
Project("{FAE04EC0-301F-11D3-BF4B-00C04F79EFBC}") = "frontlook_csharp_library", "..\frontlook_csharp_library\frontlook_csharp_library\frontlook_csharp_library.csproj", "{A1BE2209-B60A-43FD-9C3D-56AF443CEFA1}"
EndProject
Global
	GlobalSection(SolutionConfigurationPlatforms) = preSolution
		Debug|Any CPU = Debug|Any CPU
		Release|Any CPU = Release|Any CPU
	EndGlobalSection
	GlobalSection(ProjectConfigurationPlatforms) = postSolution
		{2506C520-30DF-4795-93FB-D4DC96E10B1A}.Debug|Any CPU.ActiveCfg = Debug|Any CPU
		{2506C520-30DF-4795-93FB-D4DC96E10B1A}.Debug|Any CPU.Build.0 = Debug|Any CPU
		{2506C520-30DF-4795-93FB-D4DC96E10B1A}.Release|Any CPU.ActiveCfg = Release|Any CPU
		{2506C520-30DF-4795-93FB-D4DC96E10B1A}.Release|Any CPU.Build.0 = Release|Any CPU
		{A1BE2209-B60A-43FD-9C3D-56AF443CEFA1}.Debug|Any CPU.ActiveCfg = Debug|Any CPU
		{A1BE2209-B60A-43FD-9C3D-56AF443CEFA1}.Debug|Any CPU.Build.0 = Debug|Any CPU
		{A1BE2209-B60A-43FD-9C3D-56AF443CEFA1}.Release|Any CPU.ActiveCfg = Release|Any CPU
		{A1BE2209-B60A-43FD-9C3D-56AF443CEFA1}.Release|Any CPU.Build.0 = Release|Any CPU
	EndGlobalSection
	GlobalSection(SolutionProperties) = preSolution
		HideSolutionNode = FALSE
	EndGlobalSection
	GlobalSection(ExtensibilityGlobals) = postSolution
		SolutionGuid = {030DDEE4-0215-45A5-B692-3AFD63F2A6A4}
	EndGlobalSection
EndGlobal
